
Microsoft Visual Studio Solution File, Format Version 12.00
# Visual Studio Version 17
VisualStudioVersion = 17.12.35506.116
MinimumVisualStudioVersion = 10.0.40219.1
Project("{FAE04EC0-301F-11D3-BF4B-00C04F79EFBC}") = "VideoForum", "VideoForum\VideoForum.csproj", "{D478FA36-8AD0-4F73-BD90-BB305031DED1}"
EndProject
Project("{FAE04EC0-301F-11D3-BF4B-00C04F79EFBC}") = "VideoForum.Core", "VideoForum.Core\VideoForum.Core.csproj", "{B20ACED3-ADA3-4D4B-81D7-CCE444AA403B}"
EndProject
Project("{FAE04EC0-301F-11D3-BF4B-00C04F79EFBC}") = "VideoForum.DataAccess", "VideoForum.DataAccess\VideoForum.DataAccess.csproj", "{472869D8-0E7C-4549-8913-65A51E46E256}"
EndProject
Project("{FAE04EC0-301F-11D3-BF4B-00C04F79EFBC}") = "VideoForum.Utility", "VideoForum.Utility\VideoForum.Utility.csproj", "{1569B67E-8DD7-4AA7-ABEF-9058DBA2062E}"
EndProject
Global
	GlobalSection(SolutionConfigurationPlatforms) = preSolution
		Debug|Any CPU = Debug|Any CPU
		Release|Any CPU = Release|Any CPU
	EndGlobalSection
	GlobalSection(ProjectConfigurationPlatforms) = postSolution
		{D478FA36-8AD0-4F73-BD90-BB305031DED1}.Debug|Any CPU.ActiveCfg = Debug|Any CPU
		{D478FA36-8AD0-4F73-BD90-BB305031DED1}.Debug|Any CPU.Build.0 = Debug|Any CPU
		{D478FA36-8AD0-4F73-BD90-BB305031DED1}.Release|Any CPU.ActiveCfg = Release|Any CPU
		{D478FA36-8AD0-4F73-BD90-BB305031DED1}.Release|Any CPU.Build.0 = Release|Any CPU
		{B20ACED3-ADA3-4D4B-81D7-CCE444AA403B}.Debug|Any CPU.ActiveCfg = Debug|Any CPU
		{B20ACED3-ADA3-4D4B-81D7-CCE444AA403B}.Debug|Any CPU.Build.0 = Debug|Any CPU
		{B20ACED3-ADA3-4D4B-81D7-CCE444AA403B}.Release|Any CPU.ActiveCfg = Release|Any CPU
		{B20ACED3-ADA3-4D4B-81D7-CCE444AA403B}.Release|Any CPU.Build.0 = Release|Any CPU
		{472869D8-0E7C-4549-8913-65A51E46E256}.Debug|Any CPU.ActiveCfg = Debug|Any CPU
		{472869D8-0E7C-4549-8913-65A51E46E256}.Debug|Any CPU.Build.0 = Debug|Any CPU
		{472869D8-0E7C-4549-8913-65A51E46E256}.Release|Any CPU.ActiveCfg = Release|Any CPU
		{472869D8-0E7C-4549-8913-65A51E46E256}.Release|Any CPU.Build.0 = Release|Any CPU
		{1569B67E-8DD7-4AA7-ABEF-9058DBA2062E}.Debug|Any CPU.ActiveCfg = Debug|Any CPU
		{1569B67E-8DD7-4AA7-ABEF-9058DBA2062E}.Debug|Any CPU.Build.0 = Debug|Any CPU
		{1569B67E-8DD7-4AA7-ABEF-9058DBA2062E}.Release|Any CPU.ActiveCfg = Release|Any CPU
		{1569B67E-8DD7-4AA7-ABEF-9058DBA2062E}.Release|Any CPU.Build.0 = Release|Any CPU
	EndGlobalSection
	GlobalSection(SolutionProperties) = preSolution
		HideSolutionNode = FALSE
	EndGlobalSection
EndGlobal
